
Microsoft Visual Studio Solution File, Format Version 12.00
# Visual Studio 15
VisualStudioVersion = 15.0.27004.2005
MinimumVisualStudioVersion = 10.0.40219.1
Project("{8BC9CEB8-8B4A-11D0-8D11-00A0C91BC942}") = "ProyectoPrimerParcial", "ProyectoPrimerParcial\ProyectoPrimerParcial.vcxproj", "{85C8F82F-7924-4CE3-95DD-E2BD68E9F24C}"
EndProject
Global
	GlobalSection(SolutionConfigurationPlatforms) = preSolution
		Debug|x64 = Debug|x64
		Debug|x86 = Debug|x86
		Release|x64 = Release|x64
		Release|x86 = Release|x86
	EndGlobalSection
	GlobalSection(ProjectConfigurationPlatforms) = postSolution
		{85C8F82F-7924-4CE3-95DD-E2BD68E9F24C}.Debug|x64.ActiveCfg = Debug|x64
		{85C8F82F-7924-4CE3-95DD-E2BD68E9F24C}.Debug|x64.Build.0 = Debug|x64
		{85C8F82F-7924-4CE3-95DD-E2BD68E9F24C}.Debug|x86.ActiveCfg = Debug|Win32
		{85C8F82F-7924-4CE3-95DD-E2BD68E9F24C}.Debug|x86.Build.0 = Debug|Win32
		{85C8F82F-7924-4CE3-95DD-E2BD68E9F24C}.Release|x64.ActiveCfg = Release|x64
		{85C8F82F-7924-4CE3-95DD-E2BD68E9F24C}.Release|x64.Build.0 = Release|x64
		{85C8F82F-7924-4CE3-95DD-E2BD68E9F24C}.Release|x86.ActiveCfg = Release|Win32
		{85C8F82F-7924-4CE3-95DD-E2BD68E9F24C}.Release|x86.Build.0 = Release|Win32
	EndGlobalSection
	GlobalSection(SolutionProperties) = preSolution
		HideSolutionNode = FALSE
	EndGlobalSection
	GlobalSection(ExtensibilityGlobals) = postSolution
		SolutionGuid = {E43C4609-B8C6-4CDA-9D60-745DAF2E6BD5}
	EndGlobalSection
EndGlobal
